
Microsoft Visual Studio Solution File, Format Version 12.00
Project("{F2A71F9B-5D33-465A-A702-920D77279786}") = "En3Tho.FSharp.Extensions", "En3Tho.FSharp.Extensions\En3Tho.FSharp.Extensions.fsproj", "{CB7C3D5A-792D-4D50-8D5B-F7C106CDDA1D}"
EndProject
Project("{F2A71F9B-5D33-465A-A702-920D77279786}") = "En3Tho.FSharp.ComputationExpressions", "En3Tho.FSharp.ComputationExpressions\En3Tho.FSharp.ComputationExpressions.fsproj", "{F99275AB-EEDF-444A-AB57-CD6A3BED7DC0}"
EndProject
Project("{F2A71F9B-5D33-465A-A702-920D77279786}") = "Benchmarks", "Benchmarks\Benchmarks.fsproj", "{908FDF05-C71C-4933-A64A-64488E609961}"
EndProject
Project("{2150E333-8FDC-42A3-9474-1A3956D46DE8}") = "SolutionItems", "SolutionItems", "{A2E99DA2-49B2-42DA-A2C4-BBA82D3656EE}"
ProjectSection(SolutionItems) = preProject
	..\.gitignore = ..\.gitignore
	..\LICENSE = ..\LICENSE
	..\README.md = ..\README.md
EndProjectSection
EndProject
Project("{F2A71F9B-5D33-465A-A702-920D77279786}") = "En3Tho.FSharp.Extensions.Tests", "En3Tho.FSharp.Extensions.Tests\En3Tho.FSharp.Extensions.Tests.fsproj", "{355D7405-CE6D-41C9-B6EF-C573364DE503}"
EndProject
Project("{F2A71F9B-5D33-465A-A702-920D77279786}") = "En3Tho.FSharp.Validation", "En3Tho.FSharp.Validation\En3Tho.FSharp.Validation.fsproj", "{27A28D11-254F-4780-A992-CD032B053A1C}"
EndProject
Project("{F2A71F9B-5D33-465A-A702-920D77279786}") = "En3Tho.FSharp.Validation.Tests", "En3Tho.FSharp.Validation.Tests\En3Tho.FSharp.Validation.Tests.fsproj", "{971B6FBC-D904-4816-ABB2-87D7D9442A1D}"
EndProject
Project("{FAE04EC0-301F-11D3-BF4B-00C04F79EFBC}") = "En3Tho.Extensions.DependencyInjection", "En3Tho.Extensions.DependencyInjection\En3Tho.Extensions.DependencyInjection.csproj", "{4FB173BC-563B-40B8-8E2C-DE092453FFF9}"
EndProject
Project("{F2A71F9B-5D33-465A-A702-920D77279786}") = "En3Tho.Extensions.DependencyInjection.AspNetCore", "En3Tho.Extensions.DependencyInjection.AspNetCore\En3Tho.Extensions.DependencyInjection.AspNetCore.fsproj", "{AAF499B8-A890-45B8-B680-FA7401EFC467}"
EndProject
Project("{FAE04EC0-301F-11D3-BF4B-00C04F79EFBC}") = "Benchmarks.CSharp", "Benchmarks.CSharp\Benchmarks.CSharp.csproj", "{C0271E8E-4FCF-407E-9154-503012658ECA}"
EndProject
Global
	GlobalSection(SolutionConfigurationPlatforms) = preSolution
		Debug|Any CPU = Debug|Any CPU
		Release|Any CPU = Release|Any CPU
	EndGlobalSection
	GlobalSection(ProjectConfigurationPlatforms) = postSolution
		{CB7C3D5A-792D-4D50-8D5B-F7C106CDDA1D}.Debug|Any CPU.ActiveCfg = Debug|Any CPU
		{CB7C3D5A-792D-4D50-8D5B-F7C106CDDA1D}.Debug|Any CPU.Build.0 = Debug|Any CPU
		{CB7C3D5A-792D-4D50-8D5B-F7C106CDDA1D}.Release|Any CPU.ActiveCfg = Release|Any CPU
		{CB7C3D5A-792D-4D50-8D5B-F7C106CDDA1D}.Release|Any CPU.Build.0 = Release|Any CPU
		{F99275AB-EEDF-444A-AB57-CD6A3BED7DC0}.Debug|Any CPU.ActiveCfg = Debug|Any CPU
		{F99275AB-EEDF-444A-AB57-CD6A3BED7DC0}.Debug|Any CPU.Build.0 = Debug|Any CPU
		{F99275AB-EEDF-444A-AB57-CD6A3BED7DC0}.Release|Any CPU.ActiveCfg = Release|Any CPU
		{F99275AB-EEDF-444A-AB57-CD6A3BED7DC0}.Release|Any CPU.Build.0 = Release|Any CPU
		{908FDF05-C71C-4933-A64A-64488E609961}.Debug|Any CPU.ActiveCfg = Debug|Any CPU
		{908FDF05-C71C-4933-A64A-64488E609961}.Debug|Any CPU.Build.0 = Debug|Any CPU
		{908FDF05-C71C-4933-A64A-64488E609961}.Release|Any CPU.ActiveCfg = Release|Any CPU
		{908FDF05-C71C-4933-A64A-64488E609961}.Release|Any CPU.Build.0 = Release|Any CPU
		{355D7405-CE6D-41C9-B6EF-C573364DE503}.Debug|Any CPU.ActiveCfg = Debug|Any CPU
		{355D7405-CE6D-41C9-B6EF-C573364DE503}.Debug|Any CPU.Build.0 = Debug|Any CPU
		{355D7405-CE6D-41C9-B6EF-C573364DE503}.Release|Any CPU.ActiveCfg = Release|Any CPU
		{355D7405-CE6D-41C9-B6EF-C573364DE503}.Release|Any CPU.Build.0 = Release|Any CPU
		{27A28D11-254F-4780-A992-CD032B053A1C}.Debug|Any CPU.ActiveCfg = Debug|Any CPU
		{27A28D11-254F-4780-A992-CD032B053A1C}.Debug|Any CPU.Build.0 = Debug|Any CPU
		{27A28D11-254F-4780-A992-CD032B053A1C}.Release|Any CPU.ActiveCfg = Release|Any CPU
		{27A28D11-254F-4780-A992-CD032B053A1C}.Release|Any CPU.Build.0 = Release|Any CPU
		{971B6FBC-D904-4816-ABB2-87D7D9442A1D}.Debug|Any CPU.ActiveCfg = Debug|Any CPU
		{971B6FBC-D904-4816-ABB2-87D7D9442A1D}.Debug|Any CPU.Build.0 = Debug|Any CPU
		{971B6FBC-D904-4816-ABB2-87D7D9442A1D}.Release|Any CPU.ActiveCfg = Release|Any CPU
		{971B6FBC-D904-4816-ABB2-87D7D9442A1D}.Release|Any CPU.Build.0 = Release|Any CPU
		{4FB173BC-563B-40B8-8E2C-DE092453FFF9}.Debug|Any CPU.ActiveCfg = Debug|Any CPU
		{4FB173BC-563B-40B8-8E2C-DE092453FFF9}.Debug|Any CPU.Build.0 = Debug|Any CPU
		{4FB173BC-563B-40B8-8E2C-DE092453FFF9}.Release|Any CPU.ActiveCfg = Release|Any CPU
		{4FB173BC-563B-40B8-8E2C-DE092453FFF9}.Release|Any CPU.Build.0 = Release|Any CPU
		{AAF499B8-A890-45B8-B680-FA7401EFC467}.Debug|Any CPU.ActiveCfg = Debug|Any CPU
		{AAF499B8-A890-45B8-B680-FA7401EFC467}.Debug|Any CPU.Build.0 = Debug|Any CPU
		{AAF499B8-A890-45B8-B680-FA7401EFC467}.Release|Any CPU.ActiveCfg = Release|Any CPU
		{AAF499B8-A890-45B8-B680-FA7401EFC467}.Release|Any CPU.Build.0 = Release|Any CPU
		{C0271E8E-4FCF-407E-9154-503012658ECA}.Debug|Any CPU.ActiveCfg = Debug|Any CPU
		{C0271E8E-4FCF-407E-9154-503012658ECA}.Debug|Any CPU.Build.0 = Debug|Any CPU
		{C0271E8E-4FCF-407E-9154-503012658ECA}.Release|Any CPU.ActiveCfg = Release|Any CPU
		{C0271E8E-4FCF-407E-9154-503012658ECA}.Release|Any CPU.Build.0 = Release|Any CPU
	EndGlobalSection
EndGlobal
